
Microsoft Visual Studio Solution File, Format Version 12.00
# Visual Studio 2012
Project("{2150E333-8FDC-42A3-9474-1A3956D46DE8}") = ".nuget", ".nuget", "{77EC19E0-C8C5-4E49-B488-036CA88D1F50}"
	ProjectSection(SolutionItems) = preProject
		.nuget\NuGet.Config = .nuget\NuGet.Config
		.nuget\NuGet.exe = .nuget\NuGet.exe
		.nuget\NuGet.targets = .nuget\NuGet.targets
	EndProjectSection
EndProject
Project("{FAE04EC0-301F-11D3-BF4B-00C04F79EFBC}") = "Candor", "Candor\Candor.csproj", "{DC704076-813E-4D6C-B2AD-1171FEB8829E}"
EndProject
Project("{2150E333-8FDC-42A3-9474-1A3956D46DE8}") = "Solution Items", "Solution Items", "{F3EC1E40-A74D-4433-949A-FEE6F85208B5}"
	ProjectSection(SolutionItems) = preProject
		SolutionInfo.cs = SolutionInfo.cs
	EndProjectSection
EndProject
Project("{FAE04EC0-301F-11D3-BF4B-00C04F79EFBC}") = "Candor.Security", "Candor.Security\Candor.Security.csproj", "{5B839FB3-8F8F-47DB-87E6-A64D83C9B4AD}"
EndProject
Project("{00D1A9C2-B5F0-4AF3-8072-F6C62B433612}") = "Candor.Security.Database", "Candor.Security.Database\Candor.Security.Database.sqlproj", "{7FF800AF-AEBF-4974-B531-A5EE21B6E5B3}"
EndProject
Project("{2150E333-8FDC-42A3-9474-1A3956D46DE8}") = "Build", "Build", "{C5FDD2D7-7330-461A-97C5-99071504AC1A}"
EndProject
Project("{2150E333-8FDC-42A3-9474-1A3956D46DE8}") = "OpenSource", "OpenSource", "{3B7D7012-F898-4EFA-B8B9-9E4D14B75E55}"
EndProject
Project("{2150E333-8FDC-42A3-9474-1A3956D46DE8}") = "NuGet", "NuGet", "{71360150-916C-41B4-B217-38A40C39CFCA}"
	ProjectSection(SolutionItems) = preProject
		Build\OpenSource\NuGet\Build.tasks = Build\OpenSource\NuGet\Build.tasks
		Build\OpenSource\NuGet\LICENSE.txt = Build\OpenSource\NuGet\LICENSE.txt
		Build\OpenSource\NuGet\README.txt = Build\OpenSource\NuGet\README.txt
	EndProjectSection
EndProject
Project("{2150E333-8FDC-42A3-9474-1A3956D46DE8}") = "NUnit", "NUnit", "{670228C4-21EC-4658-B3F7-A0EF7332DF25}"
	ProjectSection(SolutionItems) = preProject
		Build\OpenSource\NUnit\nunit-console-runner.dll = Build\OpenSource\NUnit\nunit-console-runner.dll
		Build\OpenSource\NUnit\nunit-console.exe = Build\OpenSource\NUnit\nunit-console.exe
		Build\OpenSource\NUnit\nunit-console.exe.config = Build\OpenSource\NUnit\nunit-console.exe.config
		Build\OpenSource\NUnit\nunit-gui-runner.dll = Build\OpenSource\NUnit\nunit-gui-runner.dll
		Build\OpenSource\NUnit\nunit.core.dll = Build\OpenSource\NUnit\nunit.core.dll
		Build\OpenSource\NUnit\nunit.core.interfaces.dll = Build\OpenSource\NUnit\nunit.core.interfaces.dll
		Build\OpenSource\NUnit\nunit.exe = Build\OpenSource\NUnit\nunit.exe
		Build\OpenSource\NUnit\nunit.framework.dll = Build\OpenSource\NUnit\nunit.framework.dll
		Build\OpenSource\NUnit\nunit.uiexception.dll = Build\OpenSource\NUnit\nunit.uiexception.dll
		Build\OpenSource\NUnit\nunit.uikit.dll = Build\OpenSource\NUnit\nunit.uikit.dll
		Build\OpenSource\NUnit\nunit.util.dll = Build\OpenSource\NUnit\nunit.util.dll
	EndProjectSection
EndProject
Project("{2150E333-8FDC-42A3-9474-1A3956D46DE8}") = "MSBuildCommunityTasks", "MSBuildCommunityTasks", "{2E627125-6553-4894-8947-0C89B030F7A3}"
	ProjectSection(SolutionItems) = preProject
		Build\OpenSource\MSBuildCommunityTasks\MSBuild.Community.Tasks.dll = Build\OpenSource\MSBuildCommunityTasks\MSBuild.Community.Tasks.dll
		Build\OpenSource\MSBuildCommunityTasks\MSBuild.Community.Tasks.Targets = Build\OpenSource\MSBuildCommunityTasks\MSBuild.Community.Tasks.Targets
		Build\OpenSource\MSBuildCommunityTasks\README.txt = Build\OpenSource\MSBuildCommunityTasks\README.txt
	EndProjectSection
EndProject
Project("{2150E333-8FDC-42A3-9474-1A3956D46DE8}") = "Release", "Release", "{57DE141B-3ABF-49D2-A75E-0F4F316EE782}"
	ProjectSection(SolutionItems) = preProject
		Release.cmd = Release.cmd
	EndProjectSection
EndProject
Project("{FAE04EC0-301F-11D3-BF4B-00C04F79EFBC}") = "PrepareNuSpecsForRelease", "PrepareNuSpecsForRelease\PrepareNuSpecsForRelease.csproj", "{3BA252DD-C0DB-4FCE-8D82-F5DA88631429}"
EndProject
Project("{FAE04EC0-301F-11D3-BF4B-00C04F79EFBC}") = "Candor.Security.SqlProvider", "Candor.Security.SqlProvider\Candor.Security.SqlProvider.csproj", "{F12C68D3-B83E-47F9-8193-62AE9A2EEECA}"
EndProject
Project("{FAE04EC0-301F-11D3-BF4B-00C04F79EFBC}") = "Candor.UnitTests", "Candor.UnitTests\Candor.UnitTests.csproj", "{D94CEBA9-9E39-4253-85A5-78A91B04DC44}"
EndProject
Project("{FAE04EC0-301F-11D3-BF4B-00C04F79EFBC}") = "Candor.Tasks.MultiWorkerService", "Candor.Tasks.MultiWorkerService\Candor.Tasks.MultiWorkerService.csproj", "{80E544B1-3F4B-4346-85DE-09A2FCF4E3F8}"
EndProject
Project("{FAE04EC0-301F-11D3-BF4B-00C04F79EFBC}") = "Candor.Tasks.ServiceProcess", "Candor.Tasks.ServiceProcess\Candor.Tasks.ServiceProcess.csproj", "{7B770E23-7D2A-4B8A-AC3B-97647D365026}"
EndProject
Global
	GlobalSection(SolutionConfigurationPlatforms) = preSolution
		Debug|Any CPU = Debug|Any CPU
		Debug|Mixed Platforms = Debug|Mixed Platforms
		Debug|x86 = Debug|x86
		Release|Any CPU = Release|Any CPU
		Release|Mixed Platforms = Release|Mixed Platforms
		Release|x86 = Release|x86
	EndGlobalSection
	GlobalSection(ProjectConfigurationPlatforms) = postSolution
		{DC704076-813E-4D6C-B2AD-1171FEB8829E}.Debug|Any CPU.ActiveCfg = Debug|Any CPU
		{DC704076-813E-4D6C-B2AD-1171FEB8829E}.Debug|Any CPU.Build.0 = Debug|Any CPU
		{DC704076-813E-4D6C-B2AD-1171FEB8829E}.Debug|Mixed Platforms.ActiveCfg = Debug|Any CPU
		{DC704076-813E-4D6C-B2AD-1171FEB8829E}.Debug|Mixed Platforms.Build.0 = Debug|Any CPU
		{DC704076-813E-4D6C-B2AD-1171FEB8829E}.Debug|x86.ActiveCfg = Debug|Any CPU
		{DC704076-813E-4D6C-B2AD-1171FEB8829E}.Release|Any CPU.ActiveCfg = Release|Any CPU
		{DC704076-813E-4D6C-B2AD-1171FEB8829E}.Release|Any CPU.Build.0 = Release|Any CPU
		{DC704076-813E-4D6C-B2AD-1171FEB8829E}.Release|Mixed Platforms.ActiveCfg = Release|Any CPU
		{DC704076-813E-4D6C-B2AD-1171FEB8829E}.Release|Mixed Platforms.Build.0 = Release|Any CPU
		{DC704076-813E-4D6C-B2AD-1171FEB8829E}.Release|x86.ActiveCfg = Release|Any CPU
		{5B839FB3-8F8F-47DB-87E6-A64D83C9B4AD}.Debug|Any CPU.ActiveCfg = Debug|Any CPU
		{5B839FB3-8F8F-47DB-87E6-A64D83C9B4AD}.Debug|Any CPU.Build.0 = Debug|Any CPU
		{5B839FB3-8F8F-47DB-87E6-A64D83C9B4AD}.Debug|Mixed Platforms.ActiveCfg = Debug|Any CPU
		{5B839FB3-8F8F-47DB-87E6-A64D83C9B4AD}.Debug|Mixed Platforms.Build.0 = Debug|Any CPU
		{5B839FB3-8F8F-47DB-87E6-A64D83C9B4AD}.Debug|x86.ActiveCfg = Debug|Any CPU
		{5B839FB3-8F8F-47DB-87E6-A64D83C9B4AD}.Release|Any CPU.ActiveCfg = Release|Any CPU
		{5B839FB3-8F8F-47DB-87E6-A64D83C9B4AD}.Release|Any CPU.Build.0 = Release|Any CPU
		{5B839FB3-8F8F-47DB-87E6-A64D83C9B4AD}.Release|Mixed Platforms.ActiveCfg = Release|Any CPU
		{5B839FB3-8F8F-47DB-87E6-A64D83C9B4AD}.Release|Mixed Platforms.Build.0 = Release|Any CPU
		{5B839FB3-8F8F-47DB-87E6-A64D83C9B4AD}.Release|x86.ActiveCfg = Release|Any CPU
		{7FF800AF-AEBF-4974-B531-A5EE21B6E5B3}.Debug|Any CPU.ActiveCfg = Debug|Any CPU
		{7FF800AF-AEBF-4974-B531-A5EE21B6E5B3}.Debug|Any CPU.Build.0 = Debug|Any CPU
		{7FF800AF-AEBF-4974-B531-A5EE21B6E5B3}.Debug|Any CPU.Deploy.0 = Debug|Any CPU
		{7FF800AF-AEBF-4974-B531-A5EE21B6E5B3}.Debug|Mixed Platforms.ActiveCfg = Debug|Any CPU
		{7FF800AF-AEBF-4974-B531-A5EE21B6E5B3}.Debug|Mixed Platforms.Build.0 = Debug|Any CPU
		{7FF800AF-AEBF-4974-B531-A5EE21B6E5B3}.Debug|Mixed Platforms.Deploy.0 = Debug|Any CPU
		{7FF800AF-AEBF-4974-B531-A5EE21B6E5B3}.Debug|x86.ActiveCfg = Debug|Any CPU
		{7FF800AF-AEBF-4974-B531-A5EE21B6E5B3}.Release|Any CPU.ActiveCfg = Release|Any CPU
		{7FF800AF-AEBF-4974-B531-A5EE21B6E5B3}.Release|Any CPU.Build.0 = Release|Any CPU
		{7FF800AF-AEBF-4974-B531-A5EE21B6E5B3}.Release|Any CPU.Deploy.0 = Release|Any CPU
		{7FF800AF-AEBF-4974-B531-A5EE21B6E5B3}.Release|Mixed Platforms.ActiveCfg = Release|Any CPU
		{7FF800AF-AEBF-4974-B531-A5EE21B6E5B3}.Release|Mixed Platforms.Build.0 = Release|Any CPU
		{7FF800AF-AEBF-4974-B531-A5EE21B6E5B3}.Release|Mixed Platforms.Deploy.0 = Release|Any CPU
		{7FF800AF-AEBF-4974-B531-A5EE21B6E5B3}.Release|x86.ActiveCfg = Release|Any CPU
		{3BA252DD-C0DB-4FCE-8D82-F5DA88631429}.Debug|Any CPU.ActiveCfg = Debug|x86
		{3BA252DD-C0DB-4FCE-8D82-F5DA88631429}.Debug|Mixed Platforms.ActiveCfg = Debug|x86
		{3BA252DD-C0DB-4FCE-8D82-F5DA88631429}.Debug|Mixed Platforms.Build.0 = Debug|x86
		{3BA252DD-C0DB-4FCE-8D82-F5DA88631429}.Debug|x86.ActiveCfg = Debug|x86
		{3BA252DD-C0DB-4FCE-8D82-F5DA88631429}.Debug|x86.Build.0 = Debug|x86
		{3BA252DD-C0DB-4FCE-8D82-F5DA88631429}.Release|Any CPU.ActiveCfg = Release|x86
		{3BA252DD-C0DB-4FCE-8D82-F5DA88631429}.Release|Mixed Platforms.ActiveCfg = Release|x86
		{3BA252DD-C0DB-4FCE-8D82-F5DA88631429}.Release|Mixed Platforms.Build.0 = Release|x86
		{3BA252DD-C0DB-4FCE-8D82-F5DA88631429}.Release|x86.ActiveCfg = Release|x86
		{3BA252DD-C0DB-4FCE-8D82-F5DA88631429}.Release|x86.Build.0 = Release|x86
		{F12C68D3-B83E-47F9-8193-62AE9A2EEECA}.Debug|Any CPU.ActiveCfg = Debug|Any CPU
		{F12C68D3-B83E-47F9-8193-62AE9A2EEECA}.Debug|Any CPU.Build.0 = Debug|Any CPU
		{F12C68D3-B83E-47F9-8193-62AE9A2EEECA}.Debug|Mixed Platforms.ActiveCfg = Debug|Any CPU
		{F12C68D3-B83E-47F9-8193-62AE9A2EEECA}.Debug|Mixed Platforms.Build.0 = Debug|Any CPU
		{F12C68D3-B83E-47F9-8193-62AE9A2EEECA}.Debug|x86.ActiveCfg = Debug|Any CPU
		{F12C68D3-B83E-47F9-8193-62AE9A2EEECA}.Release|Any CPU.ActiveCfg = Release|Any CPU
		{F12C68D3-B83E-47F9-8193-62AE9A2EEECA}.Release|Any CPU.Build.0 = Release|Any CPU
		{F12C68D3-B83E-47F9-8193-62AE9A2EEECA}.Release|Mixed Platforms.ActiveCfg = Release|Any CPU
		{F12C68D3-B83E-47F9-8193-62AE9A2EEECA}.Release|Mixed Platforms.Build.0 = Release|Any CPU
		{F12C68D3-B83E-47F9-8193-62AE9A2EEECA}.Release|x86.ActiveCfg = Release|Any CPU
		{D94CEBA9-9E39-4253-85A5-78A91B04DC44}.Debug|Any CPU.ActiveCfg = Debug|Any CPU
		{D94CEBA9-9E39-4253-85A5-78A91B04DC44}.Debug|Any CPU.Build.0 = Debug|Any CPU
		{D94CEBA9-9E39-4253-85A5-78A91B04DC44}.Debug|Mixed Platforms.ActiveCfg = Debug|Any CPU
		{D94CEBA9-9E39-4253-85A5-78A91B04DC44}.Debug|Mixed Platforms.Build.0 = Debug|Any CPU
		{D94CEBA9-9E39-4253-85A5-78A91B04DC44}.Debug|x86.ActiveCfg = Debug|Any CPU
		{D94CEBA9-9E39-4253-85A5-78A91B04DC44}.Release|Any CPU.ActiveCfg = Release|Any CPU
		{D94CEBA9-9E39-4253-85A5-78A91B04DC44}.Release|Any CPU.Build.0 = Release|Any CPU
		{D94CEBA9-9E39-4253-85A5-78A91B04DC44}.Release|Mixed Platforms.ActiveCfg = Release|Any CPU
		{D94CEBA9-9E39-4253-85A5-78A91B04DC44}.Release|Mixed Platforms.Build.0 = Release|Any CPU
		{D94CEBA9-9E39-4253-85A5-78A91B04DC44}.Release|x86.ActiveCfg = Release|Any CPU
		{80E544B1-3F4B-4346-85DE-09A2FCF4E3F8}.Debug|Any CPU.ActiveCfg = Debug|Any CPU
		{80E544B1-3F4B-4346-85DE-09A2FCF4E3F8}.Debug|Any CPU.Build.0 = Debug|Any CPU
		{80E544B1-3F4B-4346-85DE-09A2FCF4E3F8}.Debug|Mixed Platforms.ActiveCfg = Debug|Any CPU
		{80E544B1-3F4B-4346-85DE-09A2FCF4E3F8}.Debug|Mixed Platforms.Build.0 = Debug|Any CPU
		{80E544B1-3F4B-4346-85DE-09A2FCF4E3F8}.Debug|x86.ActiveCfg = Debug|Any CPU
		{80E544B1-3F4B-4346-85DE-09A2FCF4E3F8}.Release|Any CPU.ActiveCfg = Release|Any CPU
		{80E544B1-3F4B-4346-85DE-09A2FCF4E3F8}.Release|Any CPU.Build.0 = Release|Any CPU
		{80E544B1-3F4B-4346-85DE-09A2FCF4E3F8}.Release|Mixed Platforms.ActiveCfg = Release|Any CPU
		{80E544B1-3F4B-4346-85DE-09A2FCF4E3F8}.Release|Mixed Platforms.Build.0 = Release|Any CPU
		{80E544B1-3F4B-4346-85DE-09A2FCF4E3F8}.Release|x86.ActiveCfg = Release|Any CPU
		{7B770E23-7D2A-4B8A-AC3B-97647D365026}.Debug|Any CPU.ActiveCfg = Debug|Any CPU
		{7B770E23-7D2A-4B8A-AC3B-97647D365026}.Debug|Any CPU.Build.0 = Debug|Any CPU
		{7B770E23-7D2A-4B8A-AC3B-97647D365026}.Debug|Mixed Platforms.ActiveCfg = Debug|Any CPU
		{7B770E23-7D2A-4B8A-AC3B-97647D365026}.Debug|Mixed Platforms.Build.0 = Debug|Any CPU
		{7B770E23-7D2A-4B8A-AC3B-97647D365026}.Debug|x86.ActiveCfg = Debug|Any CPU
		{7B770E23-7D2A-4B8A-AC3B-97647D365026}.Release|Any CPU.ActiveCfg = Release|Any CPU
		{7B770E23-7D2A-4B8A-AC3B-97647D365026}.Release|Any CPU.Build.0 = Release|Any CPU
		{7B770E23-7D2A-4B8A-AC3B-97647D365026}.Release|Mixed Platforms.ActiveCfg = Release|Any CPU
		{7B770E23-7D2A-4B8A-AC3B-97647D365026}.Release|Mixed Platforms.Build.0 = Release|Any CPU
		{7B770E23-7D2A-4B8A-AC3B-97647D365026}.Release|x86.ActiveCfg = Release|Any CPU
	EndGlobalSection
	GlobalSection(SolutionProperties) = preSolution
		HideSolutionNode = FALSE
	EndGlobalSection
	GlobalSection(NestedProjects) = preSolution
		{C5FDD2D7-7330-461A-97C5-99071504AC1A} = {F3EC1E40-A74D-4433-949A-FEE6F85208B5}
		{57DE141B-3ABF-49D2-A75E-0F4F316EE782} = {F3EC1E40-A74D-4433-949A-FEE6F85208B5}
		{3B7D7012-F898-4EFA-B8B9-9E4D14B75E55} = {C5FDD2D7-7330-461A-97C5-99071504AC1A}
		{71360150-916C-41B4-B217-38A40C39CFCA} = {3B7D7012-F898-4EFA-B8B9-9E4D14B75E55}
		{670228C4-21EC-4658-B3F7-A0EF7332DF25} = {3B7D7012-F898-4EFA-B8B9-9E4D14B75E55}
		{2E627125-6553-4894-8947-0C89B030F7A3} = {3B7D7012-F898-4EFA-B8B9-9E4D14B75E55}
		{3BA252DD-C0DB-4FCE-8D82-F5DA88631429} = {57DE141B-3ABF-49D2-A75E-0F4F316EE782}
	EndGlobalSection
EndGlobal
